
Microsoft Visual Studio Solution File, Format Version 12.00
# Visual Studio Version 16
VisualStudioVersion = 16.0.30523.141
MinimumVisualStudioVersion = 10.0.40219.1
Project("{FAE04EC0-301F-11D3-BF4B-00C04F79EFBC}") = "LearningEnglishSimpleGame", "LearningEnglishSimpleGame\LearningEnglishSimpleGame.csproj", "{6A430FD2-E109-4B38-8F09-19333F4331D7}"
EndProject
Global
	GlobalSection(SolutionConfigurationPlatforms) = preSolution
		Debug|Any CPU = Debug|Any CPU
		Release|Any CPU = Release|Any CPU
	EndGlobalSection
	GlobalSection(ProjectConfigurationPlatforms) = postSolution
		{6A430FD2-E109-4B38-8F09-19333F4331D7}.Debug|Any CPU.ActiveCfg = Debug|Any CPU
		{6A430FD2-E109-4B38-8F09-19333F4331D7}.Debug|Any CPU.Build.0 = Debug|Any CPU
		{6A430FD2-E109-4B38-8F09-19333F4331D7}.Release|Any CPU.ActiveCfg = Release|Any CPU
		{6A430FD2-E109-4B38-8F09-19333F4331D7}.Release|Any CPU.Build.0 = Release|Any CPU
	EndGlobalSection
	GlobalSection(SolutionProperties) = preSolution
		HideSolutionNode = FALSE
	EndGlobalSection
	GlobalSection(ExtensibilityGlobals) = postSolution
		SolutionGuid = {D10A038E-0D11-403F-BF20-D91930FB3E5E}
	EndGlobalSection
EndGlobal
